github.com/google/certificate-transparency-go v1.0.21 h1:Yf1aXowfZ2nuboBsg7iYGLmwsOARdV86pfH3g95wXmE=
github.com/google/certificate-transparency-go v1.0.21/go.mod h1:QeJfpSbVSfYc7RgB3gJFj9cbuQMMchQxrWXz8Ruopmg=
github.com/google/certificate-transparency-go v1.0.22-0.20190403155334-84853901c6b8 h1:pZtGL2P6rU7wOnemTcvTgoH9s+QB646LB5dBcZ1w5yE=
github.com/google/certificate-transparency-go v1.0.22-0.20190403155334-84853901c6b8/go.mod h1:QeJfpSbVSfYc7RgB3gJFj9cbuQMMchQxrWXz8Ruopmg=
github.com/google/go-tpm v0.1.1 h1:Qwvy1ZQsQElHIb/7PCqE4OpiBwDRMMHpu2a2q16S2hI=
github.com/google/go-tpm v0.1.1/go.mod h1:OGEdc1XfzTyNEQyahgeXVq+E0lMq3Vu/Y3bT9EfpRnE=
github.com/google/go-tpm v0.1.2-0.20190410172553-e84d59d0589e h1:cbbVm1AQhiczA2kTjpROSbTZf2XVSS/DrnSjrqOo2wo=
github.com/google/go-tpm v0.1.2-0.20190410172553-e84d59d0589e/go.mod h1:OGEdc1XfzTyNEQyahgeXVq+E0lMq3Vu/Y3bT9EfpRnE=
github.com/google/go-tpm-tools v0.0.0-20190328013357-5d2fd7f4b3e5 h1:/moKuMi+BJ+OEva3jTms88ruyRkxaZn+f9EIZoGpQeY=
github.com/google/go-tpm-tools v0.0.0-20190328013357-5d2fd7f4b3e5/go.mod h1:ApmLTU8fd5JJJ4J67y9sV16nOTR00GW2OabMwk7kSnE=
github.com/google/go-tspi v0.2.0 h1:PMrHThARFgHtsCF6B8YNjLlnnGMDdFjVHZnxaqkcbzQ=
github.com/google/go-tspi v0.2.0/go.mod h1:xfMGI3G0PhxCdNVcYr1C4C+EizojDg/TXuX5by8CiHI=
golang.org/x/crypto v0.0.0-20190308221718-c2843e01d9a2 h1:VklqNMn3ovrHsnt90PveolxSbWFaJdECFbxSq0Mqo2M=
golang.org/x/crypto v0.0.0-20190308221718-c2843e01d9a2/go.mod h1:djNgcEr1/C05ACkg1iLfiJU5Ep61QUkGW8qpdssI0+w=
golang.org/x/sys v0.0.0-20190215142949-d0b11bdaac8a h1:1BGLXjeY4akVXGgbC9HugT3Jv3hCI0z56oJR5vAMgBU=
golang.org/x/sys v0.0.0-20190215142949-d0b11bdaac8a/go.mod h1:STP8DvDyc/dI5b8T5hshtkjS+E42TnysNCUPdjciGhY=
